{
  "name": "hello-ngrok",
  "version": "1.0.11",
  "lockfileVersion": 3,
  "requires": true,
  "packages": {
    "": {
      "name": "hello-ngrok",
      "version": "1.0.11",
      "license": "ISC",
      "dependencies": {
        "@ngrok/ngrok": "^1.5.2"
      },
      "devDependencies": {}
    },
    "node_modules/@ngrok/ngrok": {
      "version": "1.5.2",
      "resolved": "https://registry.npmjs.org/@ngrok/ngrok/-/ngrok-1.5.2.tgz",
      "integrity": "sha512-gN7KKdLTKer+wBSk9s9eDx53MUFdcnXNHsXxiC5sJLLD5HY9JRMSn6UzcCqnk7IgeIgCgw5h1k6YDqhjx6lmtg==",
      "license": "(MIT OR Apache-2.0)",
      "engines": {
        "node": ">= 10"
      },
      "optionalDependencies": {
        "@ngrok/ngrok-android-arm64": "1.5.2",
        "@ngrok/ngrok-darwin-arm64": "1.5.2",
        "@ngrok/ngrok-darwin-universal": "1.5.2",
        "@ngrok/ngrok-darwin-x64": "1.5.2",
        "@ngrok/ngrok-freebsd-x64": "1.5.2",
        "@ngrok/ngrok-linux-arm-gnueabihf": "1.5.2",
        "@ngrok/ngrok-linux-arm64-gnu": "1.5.2",
        "@ngrok/ngrok-linux-arm64-musl": "1.5.2",
        "@ngrok/ngrok-linux-x64-gnu": "1.5.2",
        "@ngrok/ngrok-linux-x64-musl": "1.5.2",
        "@ngrok/ngrok-win32-arm64-msvc": "1.5.2",
        "@ngrok/ngrok-win32-ia32-msvc": "1.5.2",
        "@ngrok/ngrok-win32-x64-msvc": "1.5.2"
      }
    },
    "node_modules/@ngrok/ngrok-android-arm64": {
      "version": "1.5.2",
      "resolved": "https://registry.npmjs.org/@ngrok/ngrok-android-arm64/-/ngrok-android-arm64-1.5.2.tgz",
      "integrity": "sha512-v81VbxxAgg2W7jbjhEcn8K9R2aUf0h1AuTx+8tDlw3L4H1YEmbmllIpBAGgMjHRBxLZKOo5GBi0k7oS+VRM5TA==",
      "cpu": [
        "arm64"
      ],
      "license": "MIT",
      "optional": true,
      "os": [
        "android"
      ],
      "engines": {
        "node": ">= 10"
      }
    },
    "node_modules/@ngrok/ngrok-darwin-arm64": {
      "version": "1.5.2",
      "resolved": "https://registry.npmjs.org/@ngrok/ngrok-darwin-arm64/-/ngrok-darwin-arm64-1.5.2.tgz",
      "integrity": "sha512-8CVzS9AveYpNhWbydm7cJ6XqmVg29/VRKF15l4kJ2djlNoJxuGSibgM9A627dWRdnJyj5uhmU3VzsgeU8t+/3g==",
      "cpu": [
        "arm64"
      ],
      "license": "MIT",
      "optional": true,
      "os": [
        "darwin"
      ],
      "engines": {
        "node": ">= 10"
      }
    },
    "node_modules/@ngrok/ngrok-darwin-universal": {
      "version": "1.5.2",
      "resolved": "https://registry.npmjs.org/@ngrok/ngrok-darwin-universal/-/ngrok-darwin-universal-1.5.2.tgz",
      "integrity": "sha512-mEMH1OxN6RxnqRSWb4xY9RqbtdlCpv+WlRKxq4lVy8JVsxEyFNnzVQ0jn+iuiy981jCXjokctzJeGMvECuSQBQ==",
      "license": "MIT",
      "optional": true,
      "os": [
        "darwin"
      ],
      "engines": {
        "node": ">= 10"
      }
    },
    "node_modules/@ngrok/ngrok-darwin-x64": {
      "version": "1.5.2",
      "resolved": "https://registry.npmjs.org/@ngrok/ngrok-darwin-x64/-/ngrok-darwin-x64-1.5.2.tgz",
      "integrity": "sha512-rGdcADw4NtMSU7SHUTly7uvMVYX6eMeMCppKyL5g3CSlEQntKf3AWs/89ah2TBWJA2WVl0UgGLkXp4xs1tg9eQ==",
      "cpu": [
        "x64"
      ],
      "license": "MIT",
      "optional": true,
      "os": [
        "darwin"
      ],
      "engines": {
        "node": ">= 10"
      }
    },
    "node_modules/@ngrok/ngrok-freebsd-x64": {
      "version": "1.5.2",
      "resolved": "https://registry.npmjs.org/@ngrok/ngrok-freebsd-x64/-/ngrok-freebsd-x64-1.5.2.tgz",
      "integrity": "sha512-WgY54qUekaUGa5+lFvzYUMjlzf22IEXuZHhxnzJM2/gMqa7gjU8N5W4U8XNDjVW/oz6DekrzIjuoAEPO+2icDg==",
      "cpu": [
        "x64"
      ],
      "license": "MIT",
      "optional": true,
      "os": [
        "freebsd"
      ],
      "engines": {
        "node": ">= 10"
      }
    },
    "node_modules/@ngrok/ngrok-linux-arm-gnueabihf": {
      "version": "1.5.2",
      "resolved": "https://registry.npmjs.org/@ngrok/ngrok-linux-arm-gnueabihf/-/ngrok-linux-arm-gnueabihf-1.5.2.tgz",
      "integrity": "sha512-azMxr/TGEeFU4JAUbSu5MO2aZEvdq+TzcxiLw6d+yhdEtNAjDW9TOyCczTrIZPOG5fP8G3lcCd8TP7mVIWdOnw==",
      "cpu": [
        "arm"
      ],
      "license": "MIT",
      "optional": true,
      "os": [
        "linux"
      ],
      "engines": {
        "node": ">= 10"
      }
    },
    "node_modules/@ngrok/ngrok-linux-arm64-gnu": {
      "version": "1.5.2",
      "resolved": "https://registry.npmjs.org/@ngrok/ngrok-linux-arm64-gnu/-/ngrok-linux-arm64-gnu-1.5.2.tgz",
      "integrity": "sha512-79eFCxio4rM0ICRBXx/CVvbXDeWk1Jxr7szkezEYWtHaL+gXivrtS1QjtMnJpGY1GJlLTQL+49w2lGydqPOJQA==",
      "cpu": [
        "arm64"
      ],
      "license": "MIT",
      "optional": true,
      "os": [
        "linux"
      ],
      "engines": {
        "node": ">= 10"
      }
    },
    "node_modules/@ngrok/ngrok-linux-arm64-musl": {
      "version": "1.5.2",
      "resolved": "https://registry.npmjs.org/@ngrok/ngrok-linux-arm64-musl/-/ngrok-linux-arm64-musl-1.5.2.tgz",
      "integrity": "sha512-ou9Z7iPQJIQ0RX5bdBhb3y7GwYRt+X0G9tenyRzKLXXvs0XfUUcg/23aBP61hmdRvBq7xpliV1PnvEVBgUIYMg==",
      "cpu": [
        "arm64"
      ],
      "license": "MIT",
      "optional": true,
      "os": [
        "linux"
      ],
      "engines": {
        "node": ">= 10"
      }
    },
    "node_modules/@ngrok/ngrok-linux-x64-gnu": {
      "version": "1.5.2",
      "resolved": "https://registry.npmjs.org/@ngrok/ngrok-linux-x64-gnu/-/ngrok-linux-x64-gnu-1.5.2.tgz",
      "integrity": "sha512-VI1mmtl3Ie5uXTVAR9thPiMNMsCWeqkjBUbHAyk2vZ2OXR4Vs2DGjOPXK+wTl/hjF29FXoxunjhMy6caF9ht0Q==",
      "cpu": [
        "x64"
      ],
      "license": "MIT",
      "optional": true,
      "os": [
        "linux"
      ],
      "engines": {
        "node": ">= 10"
      }
    },
    "node_modules/@ngrok/ngrok-linux-x64-musl": {
      "version": "1.5.2",
      "resolved": "https://registry.npmjs.org/@ngrok/ngrok-linux-x64-musl/-/ngrok-linux-x64-musl-1.5.2.tgz",
      "integrity": "sha512-F4j9EyC/0R3IgYSd+OER4bC8bxuBubvj33e24GvQnRF/IQaKhpybkvQbz54fnvsL7y0j2BB42NAIm2CFtk7tCw==",
      "cpu": [
        "x64"
      ],
      "license": "MIT",
      "optional": true,
      "os": [
        "linux"
      ],
      "engines": {
        "node": ">= 10"
      }
    },
    "node_modules/@ngrok/ngrok-win32-arm64-msvc": {
      "version": "1.5.2",
      "resolved": "https://registry.npmjs.org/@ngrok/ngrok-win32-arm64-msvc/-/ngrok-win32-arm64-msvc-1.5.2.tgz",
      "integrity": "sha512-0OMXNjWElM1MQX7lMBnpRtafS9+3ybauqGD4m2dZcIm6hFvexsJFwNgx0mCa5aKxe2mQ4zNarEUd+SqG2Aa4/g==",
      "cpu": [
        "arm64"
      ],
      "license": "MIT",
      "optional": true,
      "os": [
        "win32"
      ],
      "engines": {
        "node": ">= 10"
      }
    },
    "node_modules/@ngrok/ngrok-win32-ia32-msvc": {
      "version": "1.5.2",
      "resolved": "https://registry.npmjs.org/@ngrok/ngrok-win32-ia32-msvc/-/ngrok-win32-ia32-msvc-1.5.2.tgz",
      "integrity": "sha512-hdvhnr7Br4XhUblpW67v5XP6FyoQwJ2xSbwas4KW4hZ3F4cw0m6sqXpssRfmqg3/5HJony1H5B2jLi0x4J7uOw==",
      "cpu": [
        "ia32"
      ],
      "license": "MIT",
      "optional": true,
      "os": [
        "win32"
      ],
      "engines": {
        "node": ">= 10"
      }
    },
    "node_modules/@ngrok/ngrok-win32-x64-msvc": {
      "version": "1.5.2",
      "resolved": "https://registry.npmjs.org/@ngrok/ngrok-win32-x64-msvc/-/ngrok-win32-x64-msvc-1.5.2.tgz",
      "integrity": "sha512-aHuMiRti9Taow9DlYLGVmu9CXtXD/v4CBQWpZlmt7VGuK1KsTWWLaGIBFVp6UXnyW87b0A+KC69Kn/Xjylw+sg==",
      "cpu": [
        "x64"
      ],
      "license": "MIT",
      "optional": true,
      "os": [
        "win32"
      ],
      "engines": {
        "node": ">= 10"
      }
    }
  }
}
