{
  "name": "openai-js-mini",
  "version": "1.0.0",
  "lockfileVersion": 3,
  "requires": true,
  "packages": {
    "": {
      "name": "openai-js-mini",
      "version": "1.0.0",
      "license": "ISC",
      "dependencies": {
        "openai": "^6.3.0",
        "readline": "^1.3.0"
      }
    },
    "node_modules/openai": {
      "version": "6.3.0",
      "resolved": "https://registry.npmjs.org/openai/-/openai-6.3.0.tgz",
      "integrity": "sha512-E6vOGtZvdcb4yXQ5jXvDlUG599OhIkb/GjBLZXS+qk0HF+PJReIldEc9hM8Ft81vn+N6dRdFRb7BZNK8bbvXrw==",
      "license": "Apache-2.0",
      "bin": {
        "openai": "bin/cli"
      },
      "peerDependencies": {
        "ws": "^8.18.0",
        "zod": "^3.25 || ^4.0"
      },
      "peerDependenciesMeta": {
        "ws": {
          "optional": true
        },
        "zod": {
          "optional": true
        }
      }
    },
    "node_modules/readline": {
      "version": "1.3.0",
      "resolved": "https://registry.npmjs.org/readline/-/readline-1.3.0.tgz",
      "integrity": "sha512-k2d6ACCkiNYz222Fs/iNze30rRJ1iIicW7JuX/7/cozvih6YCkFZH+J6mAFDVgv0dRBaAyr4jDqC95R2y4IADg==",
      "license": "BSD"
    }
  }
}
